// !$*UTF8*$!
{
	archiveVersion = 1;
	classes = {
	};
	objectVersion = 55;
	objects = {

/* Begin PBXBuildFile section */
		011049392797518900CFE6D2 /* EndPointType.swift in Sources */ = {isa = PBXBuildFile; fileRef = 011049382797518900CFE6D2 /* EndPointType.swift */; };
		0110493B27975B3B00CFE6D2 /* Constants.swift in Sources */ = {isa = PBXBuildFile; fileRef = 0110493A27975B3B00CFE6D2 /* Constants.swift */; };
		013028DE279B50B9004FB080 /* Extentions.swift in Sources */ = {isa = PBXBuildFile; fileRef = 013028DD279B50B9004FB080 /* Extentions.swift */; };
		015377C627876CC30035115D /* ApiConnection.swift in Sources */ = {isa = PBXBuildFile; fileRef = 015377C527876CC30035115D /* ApiConnection.swift */; };
		015377C827876F800035115D /* NetworkReachability.swift in Sources */ = {isa = PBXBuildFile; fileRef = 015377C727876F800035115D /* NetworkReachability.swift */; };
		01563C21278E02C30047DCF3 /* PhoneNumberViewController.swift in Sources */ = {isa = PBXBuildFile; fileRef = 01563C20278E02C30047DCF3 /* PhoneNumberViewController.swift */; };
		01579FA82780FCA800DB59CF /* AppDelegate.swift in Sources */ = {isa = PBXBuildFile; fileRef = 01579FA72780FCA800DB59CF /* AppDelegate.swift */; };
		01579FAA2780FCA800DB59CF /* SceneDelegate.swift in Sources */ = {isa = PBXBuildFile; fileRef = 01579FA92780FCA800DB59CF /* SceneDelegate.swift */; };
		01579FAF2780FCA800DB59CF /* Main.storyboard in Resources */ = {isa = PBXBuildFile; fileRef = 01579FAD2780FCA800DB59CF /* Main.storyboard */; };
		01579FB12780FCAA00DB59CF /* Assets.xcassets in Resources */ = {isa = PBXBuildFile; fileRef = 01579FB02780FCAA00DB59CF /* Assets.xcassets */; };
		01579FB42780FCAA00DB59CF /* LaunchScreen.storyboard in Resources */ = {isa = PBXBuildFile; fileRef = 01579FB22780FCAA00DB59CF /* LaunchScreen.storyboard */; };
		01579FBF2780FCAA00DB59CF /* Ginnee_AppTests.swift in Sources */ = {isa = PBXBuildFile; fileRef = 01579FBE2780FCAA00DB59CF /* Ginnee_AppTests.swift */; };
		01579FC92780FCAA00DB59CF /* Ginnee_AppUITests.swift in Sources */ = {isa = PBXBuildFile; fileRef = 01579FC82780FCAA00DB59CF /* Ginnee_AppUITests.swift */; };
		01579FCB2780FCAA00DB59CF /* Ginnee_AppUITestsLaunchTests.swift in Sources */ = {isa = PBXBuildFile; fileRef = 01579FCA2780FCAA00DB59CF /* Ginnee_AppUITestsLaunchTests.swift */; };
		01615E67279F1DF8005658BE /* UploadPreviewViewController.swift in Sources */ = {isa = PBXBuildFile; fileRef = 01615E66279F1DF8005658BE /* UploadPreviewViewController.swift */; };
		0166DAC2278B594E0092821E /* UploadImageViewController.swift in Sources */ = {isa = PBXBuildFile; fileRef = 0166DAC1278B594E0092821E /* UploadImageViewController.swift */; };
		017F3CB5279339E5004BACFE /* OTPViewController.swift in Sources */ = {isa = PBXBuildFile; fileRef = 017F3CB4279339E5004BACFE /* OTPViewController.swift */; };
		017F3CB727934707004BACFE /* EmailLoginViewController.swift in Sources */ = {isa = PBXBuildFile; fileRef = 017F3CB627934707004BACFE /* EmailLoginViewController.swift */; };
		01899A1327A986310025FB5F /* GoogleService-Info.plist in Resources */ = {isa = PBXBuildFile; fileRef = 01899A1227A986310025FB5F /* GoogleService-Info.plist */; };
		01F119522783834F00D0E3D5 /* LoginViewController.swift in Sources */ = {isa = PBXBuildFile; fileRef = 01F119512783834F00D0E3D5 /* LoginViewController.swift */; };
		575F0309A1001A9B36992AAA /* libPods-Ginnee App.a in Frameworks */ = {isa = PBXBuildFile; fileRef = 63811FFD7A465296E3905914 /* libPods-Ginnee App.a */; };
		840DBEAC27B55E6200F95B5A /* FacebookCore in Frameworks */ = {isa = PBXBuildFile; productRef = 840DBEAB27B55E6200F95B5A /* FacebookCore */; };
		840DBEAE27B55E6200F95B5A /* FacebookLogin in Frameworks */ = {isa = PBXBuildFile; productRef = 840DBEAD27B55E6200F95B5A /* FacebookLogin */; };
		840DBEB027B55E6200F95B5A /* FacebookShare in Frameworks */ = {isa = PBXBuildFile; productRef = 840DBEAF27B55E6200F95B5A /* FacebookShare */; };
		84728A2027B194DA00EA3D77 /* GoogleSignIn in Frameworks */ = {isa = PBXBuildFile; productRef = 84728A1F27B194DA00EA3D77 /* GoogleSignIn */; };
		8478722C27EF63D300814A1F /* TagsViewController.swift in Sources */ = {isa = PBXBuildFile; fileRef = 8478722B27EF63D300814A1F /* TagsViewController.swift */; };
		8478722E27EF866D00814A1F /* QuestionsData.swift in Sources */ = {isa = PBXBuildFile; fileRef = 8478722D27EF866D00814A1F /* QuestionsData.swift */; };
		8481A0B927BFF11000370CAB /* AboutMeViewController.swift in Sources */ = {isa = PBXBuildFile; fileRef = 8481A0B827BFF11000370CAB /* AboutMeViewController.swift */; };
		8481A88027EF54F800C0479B /* WiteyourStroyViewController.swift in Sources */ = {isa = PBXBuildFile; fileRef = 8481A87F27EF54F800C0479B /* WiteyourStroyViewController.swift */; };
		84A3D8E727ECE816006F6615 /* QnATableViewCell.swift in Sources */ = {isa = PBXBuildFile; fileRef = 84A3D8E527ECE816006F6615 /* QnATableViewCell.swift */; };
		84A3D8E827ECE816006F6615 /* QnATableViewCell.xib in Resources */ = {isa = PBXBuildFile; fileRef = 84A3D8E627ECE816006F6615 /* QnATableViewCell.xib */; };
		84BD681B27B83038002C79BE /* BirthdayPickerViewController.swift in Sources */ = {isa = PBXBuildFile; fileRef = 84BD681A27B83038002C79BE /* BirthdayPickerViewController.swift */; };
		84D21BCC27EF0E0C00A20934 /* QnAViewController.swift in Sources */ = {isa = PBXBuildFile; fileRef = 84D21BCB27EF0E0C00A20934 /* QnAViewController.swift */; };
		84D6983F27F3888200017B70 /* ImageFliterViewController.swift in Sources */ = {isa = PBXBuildFile; fileRef = 84D6983E27F3888200017B70 /* ImageFliterViewController.swift */; };
		84D6984127F38D5400017B70 /* ImageCollectionViewCell.swift in Sources */ = {isa = PBXBuildFile; fileRef = 84D6984027F38D5400017B70 /* ImageCollectionViewCell.swift */; };
		84E5AEF627C7D9F9006431E2 /* LoginData.swift in Sources */ = {isa = PBXBuildFile; fileRef = 84E5AEF527C7D9F9006431E2 /* LoginData.swift */; };
		84F4A2BE27DF73A500A1782A /* AppleDetails.swift in Sources */ = {isa = PBXBuildFile; fileRef = 84F4A2BD27DF73A500A1782A /* AppleDetails.swift */; };
/* End PBXBuildFile section */

/* Begin PBXContainerItemProxy section */
		01579FBB2780FCAA00DB59CF /* PBXContainerItemProxy */ = {
			isa = PBXContainerItemProxy;
			containerPortal = 01579F9C2780FCA800DB59CF /* Project object */;
			proxyType = 1;
			remoteGlobalIDString = 01579FA32780FCA800DB59CF;
			remoteInfo = "Ginnee App";
		};
		01579FC52780FCAA00DB59CF /* PBXContainerItemProxy */ = {
			isa = PBXContainerItemProxy;
			containerPortal = 01579F9C2780FCA800DB59CF /* Project object */;
			proxyType = 1;
			remoteGlobalIDString = 01579FA32780FCA800DB59CF;
			remoteInfo = "Ginnee App";
		};
/* End PBXContainerItemProxy section */

/* Begin PBXFileReference section */
		011049382797518900CFE6D2 /* EndPointType.swift */ = {isa = PBXFileReference; lastKnownFileType = sourcecode.swift; path = EndPointType.swift; sourceTree = "<group>"; };
		0110493A27975B3B00CFE6D2 /* Constants.swift */ = {isa = PBXFileReference; lastKnownFileType = sourcecode.swift; path = Constants.swift; sourceTree = "<group>"; };
		013028DD279B50B9004FB080 /* Extentions.swift */ = {isa = PBXFileReference; lastKnownFileType = sourcecode.swift; path = Extentions.swift; sourceTree = "<group>"; };
		015377C527876CC30035115D /* ApiConnection.swift */ = {isa = PBXFileReference; lastKnownFileType = sourcecode.swift; path = ApiConnection.swift; sourceTree = "<group>"; };
		015377C727876F800035115D /* NetworkReachability.swift */ = {isa = PBXFileReference; lastKnownFileType = sourcecode.swift; path = NetworkReachability.swift; sourceTree = "<group>"; };
		01563C20278E02C30047DCF3 /* PhoneNumberViewController.swift */ = {isa = PBXFileReference; lastKnownFileType = sourcecode.swift; path = PhoneNumberViewController.swift; sourceTree = "<group>"; };
		01579FA42780FCA800DB59CF /* Ginnee App.app */ = {isa = PBXFileReference; explicitFileType = wrapper.application; includeInIndex = 0; path = "Ginnee App.app"; sourceTree = BUILT_PRODUCTS_DIR; };
		01579FA72780FCA800DB59CF /* AppDelegate.swift */ = {isa = PBXFileReference; lastKnownFileType = sourcecode.swift; path = AppDelegate.swift; sourceTree = "<group>"; };
		01579FA92780FCA800DB59CF /* SceneDelegate.swift */ = {isa = PBXFileReference; lastKnownFileType = sourcecode.swift; path = SceneDelegate.swift; sourceTree = "<group>"; };
		01579FAE2780FCA800DB59CF /* Base */ = {isa = PBXFileReference; lastKnownFileType = file.storyboard; name = Base; path = Base.lproj/Main.storyboard; sourceTree = "<group>"; };
		01579FB02780FCAA00DB59CF /* Assets.xcassets */ = {isa = PBXFileReference; lastKnownFileType = folder.assetcatalog; path = Assets.xcassets; sourceTree = "<group>"; };
		01579FB32780FCAA00DB59CF /* Base */ = {isa = PBXFileReference; lastKnownFileType = file.storyboard; name = Base; path = Base.lproj/LaunchScreen.storyboard; sourceTree = "<group>"; };
		01579FB52780FCAA00DB59CF /* Info.plist */ = {isa = PBXFileReference; lastKnownFileType = text.plist.xml; path = Info.plist; sourceTree = "<group>"; };
		01579FBA2780FCAA00DB59CF /* Ginnee AppTests.xctest */ = {isa = PBXFileReference; explicitFileType = wrapper.cfbundle; includeInIndex = 0; path = "Ginnee AppTests.xctest"; sourceTree = BUILT_PRODUCTS_DIR; };
		01579FBE2780FCAA00DB59CF /* Ginnee_AppTests.swift */ = {isa = PBXFileReference; lastKnownFileType = sourcecode.swift; path = Ginnee_AppTests.swift; sourceTree = "<group>"; };
		01579FC42780FCAA00DB59CF /* Ginnee AppUITests.xctest */ = {isa = PBXFileReference; explicitFileType = wrapper.cfbundle; includeInIndex = 0; path = "Ginnee AppUITests.xctest"; sourceTree = BUILT_PRODUCTS_DIR; };
		01579FC82780FCAA00DB59CF /* Ginnee_AppUITests.swift */ = {isa = PBXFileReference; lastKnownFileType = sourcecode.swift; path = Ginnee_AppUITests.swift; sourceTree = "<group>"; };
		01579FCA2780FCAA00DB59CF /* Ginnee_AppUITestsLaunchTests.swift */ = {isa = PBXFileReference; lastKnownFileType = sourcecode.swift; path = Ginnee_AppUITestsLaunchTests.swift; sourceTree = "<group>"; };
		01615E66279F1DF8005658BE /* UploadPreviewViewController.swift */ = {isa = PBXFileReference; lastKnownFileType = sourcecode.swift; path = UploadPreviewViewController.swift; sourceTree = "<group>"; };
		0166DAC1278B594E0092821E /* UploadImageViewController.swift */ = {isa = PBXFileReference; lastKnownFileType = sourcecode.swift; path = UploadImageViewController.swift; sourceTree = "<group>"; };
		017F3CB4279339E5004BACFE /* OTPViewController.swift */ = {isa = PBXFileReference; lastKnownFileType = sourcecode.swift; path = OTPViewController.swift; sourceTree = "<group>"; };
		017F3CB627934707004BACFE /* EmailLoginViewController.swift */ = {isa = PBXFileReference; lastKnownFileType = sourcecode.swift; path = EmailLoginViewController.swift; sourceTree = "<group>"; };
		01899A1227A986310025FB5F /* GoogleService-Info.plist */ = {isa = PBXFileReference; fileEncoding = 4; lastKnownFileType = text.plist.xml; path = "GoogleService-Info.plist"; sourceTree = "<group>"; };
		01F119512783834F00D0E3D5 /* LoginViewController.swift */ = {isa = PBXFileReference; lastKnownFileType = sourcecode.swift; path = LoginViewController.swift; sourceTree = "<group>"; };
		5AEBAC5D1D15E0C889450743 /* Pods-Ginnee App.release.xcconfig */ = {isa = PBXFileReference; includeInIndex = 1; lastKnownFileType = text.xcconfig; name = "Pods-Ginnee App.release.xcconfig"; path = "Target Support Files/Pods-Ginnee App/Pods-Ginnee App.release.xcconfig"; sourceTree = "<group>"; };
		63811FFD7A465296E3905914 /* libPods-Ginnee App.a */ = {isa = PBXFileReference; explicitFileType = archive.ar; includeInIndex = 0; path = "libPods-Ginnee App.a"; sourceTree = BUILT_PRODUCTS_DIR; };
		843DE42127DBD520001D603F /* Ginnee App.entitlements */ = {isa = PBXFileReference; lastKnownFileType = text.plist.entitlements; path = "Ginnee App.entitlements"; sourceTree = "<group>"; };
		8478722B27EF63D300814A1F /* TagsViewController.swift */ = {isa = PBXFileReference; lastKnownFileType = sourcecode.swift; path = TagsViewController.swift; sourceTree = "<group>"; };
		8478722D27EF866D00814A1F /* QuestionsData.swift */ = {isa = PBXFileReference; lastKnownFileType = sourcecode.swift; path = QuestionsData.swift; sourceTree = "<group>"; };
		8481A0B827BFF11000370CAB /* AboutMeViewController.swift */ = {isa = PBXFileReference; lastKnownFileType = sourcecode.swift; path = AboutMeViewController.swift; sourceTree = "<group>"; };
		8481A87F27EF54F800C0479B /* WiteyourStroyViewController.swift */ = {isa = PBXFileReference; lastKnownFileType = sourcecode.swift; path = WiteyourStroyViewController.swift; sourceTree = "<group>"; };
		84A3D8E527ECE816006F6615 /* QnATableViewCell.swift */ = {isa = PBXFileReference; lastKnownFileType = sourcecode.swift; path = QnATableViewCell.swift; sourceTree = "<group>"; };
		84A3D8E627ECE816006F6615 /* QnATableViewCell.xib */ = {isa = PBXFileReference; lastKnownFileType = file.xib; path = QnATableViewCell.xib; sourceTree = "<group>"; };
		84BD681A27B83038002C79BE /* BirthdayPickerViewController.swift */ = {isa = PBXFileReference; lastKnownFileType = sourcecode.swift; path = BirthdayPickerViewController.swift; sourceTree = "<group>"; };
		84D21BCB27EF0E0C00A20934 /* QnAViewController.swift */ = {isa = PBXFileReference; lastKnownFileType = sourcecode.swift; path = QnAViewController.swift; sourceTree = "<group>"; };
		84D6983E27F3888200017B70 /* ImageFliterViewController.swift */ = {isa = PBXFileReference; lastKnownFileType = sourcecode.swift; path = ImageFliterViewController.swift; sourceTree = "<group>"; };
		84D6984027F38D5400017B70 /* ImageCollectionViewCell.swift */ = {isa = PBXFileReference; lastKnownFileType = sourcecode.swift; path = ImageCollectionViewCell.swift; sourceTree = "<group>"; };
		84E5AEF527C7D9F9006431E2 /* LoginData.swift */ = {isa = PBXFileReference; lastKnownFileType = sourcecode.swift; path = LoginData.swift; sourceTree = "<group>"; };
		84F4A2BD27DF73A500A1782A /* AppleDetails.swift */ = {isa = PBXFileReference; lastKnownFileType = sourcecode.swift; path = AppleDetails.swift; sourceTree = "<group>"; };
		C1957E846A0300234C372A7D /* Pods-Ginnee App.debug.xcconfig */ = {isa = PBXFileReference; includeInIndex = 1; lastKnownFileType = text.xcconfig; name = "Pods-Ginnee App.debug.xcconfig"; path = "Target Support Files/Pods-Ginnee App/Pods-Ginnee App.debug.xcconfig"; sourceTree = "<group>"; };
/* End PBXFileReference section */

/* Begin PBXFrameworksBuildPhase section */
		01579FA12780FCA800DB59CF /* Frameworks */ = {
			isa = PBXFrameworksBuildPhase;
			buildActionMask = 2147483647;
			files = (
				840DBEAE27B55E6200F95B5A /* FacebookLogin in Frameworks */,
				84728A2027B194DA00EA3D77 /* GoogleSignIn in Frameworks */,
				840DBEAC27B55E6200F95B5A /* FacebookCore in Frameworks */,
				840DBEB027B55E6200F95B5A /* FacebookShare in Frameworks */,
				575F0309A1001A9B36992AAA /* libPods-Ginnee App.a in Frameworks */,
			);
			runOnlyForDeploymentPostprocessing = 0;
		};
		01579FB72780FCAA00DB59CF /* Frameworks */ = {
			isa = PBXFrameworksBuildPhase;
			buildActionMask = 2147483647;
			files = (
			);
			runOnlyForDeploymentPostprocessing = 0;
		};
		01579FC12780FCAA00DB59CF /* Frameworks */ = {
			isa = PBXFrameworksBuildPhase;
			buildActionMask = 2147483647;
			files = (
			);
			runOnlyForDeploymentPostprocessing = 0;
		};
/* End PBXFrameworksBuildPhase section */

/* Begin PBXGroup section */
		013028DC279B5098004FB080 /* Helper */ = {
			isa = PBXGroup;
			children = (
				013028DD279B50B9004FB080 /* Extentions.swift */,
			);
			path = Helper;
			sourceTree = "<group>";
		};
		015377C227876BAD0035115D /* View */ = {
			isa = PBXGroup;
			children = (
				01579FB22780FCAA00DB59CF /* LaunchScreen.storyboard */,
				01579FAD2780FCA800DB59CF /* Main.storyboard */,
				84A3D8E927ECE826006F6615 /* QnACell */,
				84D6984027F38D5400017B70 /* ImageCollectionViewCell.swift */,
			);
			path = View;
			sourceTree = "<group>";
		};
		015377C327876BC70035115D /* Controller */ = {
			isa = PBXGroup;
			children = (
				01F119512783834F00D0E3D5 /* LoginViewController.swift */,
				0166DAC1278B594E0092821E /* UploadImageViewController.swift */,
				01563C20278E02C30047DCF3 /* PhoneNumberViewController.swift */,
				017F3CB4279339E5004BACFE /* OTPViewController.swift */,
				017F3CB627934707004BACFE /* EmailLoginViewController.swift */,
				01615E66279F1DF8005658BE /* UploadPreviewViewController.swift */,
				84BD681A27B83038002C79BE /* BirthdayPickerViewController.swift */,
				8481A0B827BFF11000370CAB /* AboutMeViewController.swift */,
				84D21BCB27EF0E0C00A20934 /* QnAViewController.swift */,
				8481A87F27EF54F800C0479B /* WiteyourStroyViewController.swift */,
				8478722B27EF63D300814A1F /* TagsViewController.swift */,
				84D6983E27F3888200017B70 /* ImageFliterViewController.swift */,
			);
			name = Controller;
			sourceTree = "<group>";
		};
		015377C427876C470035115D /* Networking */ = {
			isa = PBXGroup;
			children = (
				0110493A27975B3B00CFE6D2 /* Constants.swift */,
				015377C527876CC30035115D /* ApiConnection.swift */,
				015377C727876F800035115D /* NetworkReachability.swift */,
				011049382797518900CFE6D2 /* EndPointType.swift */,
			);
			name = Networking;
			sourceTree = "<group>";
		};
		01579F9B2780FCA800DB59CF = {
			isa = PBXGroup;
			children = (
				01579FA62780FCA800DB59CF /* Ginnee App */,
				01579FBD2780FCAA00DB59CF /* Ginnee AppTests */,
				01579FC72780FCAA00DB59CF /* Ginnee AppUITests */,
				01579FA52780FCA800DB59CF /* Products */,
				7DC8F06A3653AA8ED6ABB534 /* Pods */,
				0FAA1BC78C592F4AF6EF17DA /* Frameworks */,
			);
			sourceTree = "<group>";
		};
		01579FA52780FCA800DB59CF /* Products */ = {
			isa = PBXGroup;
			children = (
				01579FA42780FCA800DB59CF /* Ginnee App.app */,
				01579FBA2780FCAA00DB59CF /* Ginnee AppTests.xctest */,
				01579FC42780FCAA00DB59CF /* Ginnee AppUITests.xctest */,
			);
			name = Products;
			sourceTree = "<group>";
		};
		01579FA62780FCA800DB59CF /* Ginnee App */ = {
			isa = PBXGroup;
			children = (
				843DE42127DBD520001D603F /* Ginnee App.entitlements */,
				84E5AEF227C7D965006431E2 /* Model */,
				01899A1227A986310025FB5F /* GoogleService-Info.plist */,
				01579FA72780FCA800DB59CF /* AppDelegate.swift */,
				01579FA92780FCA800DB59CF /* SceneDelegate.swift */,
				013028DC279B5098004FB080 /* Helper */,
				015377C427876C470035115D /* Networking */,
				015377C227876BAD0035115D /* View */,
				015377C327876BC70035115D /* Controller */,
				01579FB02780FCAA00DB59CF /* Assets.xcassets */,
				01579FB52780FCAA00DB59CF /* Info.plist */,
			);
			path = "Ginnee App";
			sourceTree = "<group>";
		};
		01579FBD2780FCAA00DB59CF /* Ginnee AppTests */ = {
			isa = PBXGroup;
			children = (
				01579FBE2780FCAA00DB59CF /* Ginnee_AppTests.swift */,
			);
			path = "Ginnee AppTests";
			sourceTree = "<group>";
		};
		01579FC72780FCAA00DB59CF /* Ginnee AppUITests */ = {
			isa = PBXGroup;
			children = (
				01579FC82780FCAA00DB59CF /* Ginnee_AppUITests.swift */,
				01579FCA2780FCAA00DB59CF /* Ginnee_AppUITestsLaunchTests.swift */,
			);
			path = "Ginnee AppUITests";
			sourceTree = "<group>";
		};
		0FAA1BC78C592F4AF6EF17DA /* Frameworks */ = {
			isa = PBXGroup;
			children = (
				63811FFD7A465296E3905914 /* libPods-Ginnee App.a */,
			);
			name = Frameworks;
			sourceTree = "<group>";
		};
		7DC8F06A3653AA8ED6ABB534 /* Pods */ = {
			isa = PBXGroup;
			children = (
				C1957E846A0300234C372A7D /* Pods-Ginnee App.debug.xcconfig */,
				5AEBAC5D1D15E0C889450743 /* Pods-Ginnee App.release.xcconfig */,
			);
			path = Pods;
			sourceTree = "<group>";
		};
		84A3D8E927ECE826006F6615 /* QnACell */ = {
			isa = PBXGroup;
			children = (
				84A3D8E527ECE816006F6615 /* QnATableViewCell.swift */,
				84A3D8E627ECE816006F6615 /* QnATableViewCell.xib */,
			);
			path = QnACell;
			sourceTree = "<group>";
		};
		84E5AEF227C7D965006431E2 /* Model */ = {
			isa = PBXGroup;
			children = (
				84E5AEF527C7D9F9006431E2 /* LoginData.swift */,
				84F4A2BD27DF73A500A1782A /* AppleDetails.swift */,
				8478722D27EF866D00814A1F /* QuestionsData.swift */,
			);
			path = Model;
			sourceTree = "<group>";
		};
/* End PBXGroup section */

/* Begin PBXNativeTarget section */
		01579FA32780FCA800DB59CF /* Ginnee App */ = {
			isa = PBXNativeTarget;
			buildConfigurationList = 01579FCE2780FCAA00DB59CF /* Build configuration list for PBXNativeTarget "Ginnee App" */;
			buildPhases = (
				ECA0FB87505EBB959C619C7E /* [CP] Check Pods Manifest.lock */,
				01579FA02780FCA800DB59CF /* Sources */,
				01579FA12780FCA800DB59CF /* Frameworks */,
				01579FA22780FCA800DB59CF /* Resources */,
				1927960C7F9BDFAE7085F788 /* [CP] Copy Pods Resources */,
			);
			buildRules = (
			);
			dependencies = (
			);
			name = "Ginnee App";
			packageProductDependencies = (
				84728A1F27B194DA00EA3D77 /* GoogleSignIn */,
				840DBEAB27B55E6200F95B5A /* FacebookCore */,
				840DBEAD27B55E6200F95B5A /* FacebookLogin */,
				840DBEAF27B55E6200F95B5A /* FacebookShare */,
			);
			productName = "Ginnee App";
			productReference = 01579FA42780FCA800DB59CF /* Ginnee App.app */;
			productType = "com.apple.product-type.application";
		};
		01579FB92780FCAA00DB59CF /* Ginnee AppTests */ = {
			isa = PBXNativeTarget;
			buildConfigurationList = 01579FD12780FCAA00DB59CF /* Build configuration list for PBXNativeTarget "Ginnee AppTests" */;
			buildPhases = (
				01579FB62780FCAA00DB59CF /* Sources */,
				01579FB72780FCAA00DB59CF /* Frameworks */,
				01579FB82780FCAA00DB59CF /* Resources */,
			);
			buildRules = (
			);
			dependencies = (
				01579FBC2780FCAA00DB59CF /* PBXTargetDependency */,
			);
			name = "Ginnee AppTests";
			productName = "Ginnee AppTests";
			productReference = 01579FBA2780FCAA00DB59CF /* Ginnee AppTests.xctest */;
			productType = "com.apple.product-type.bundle.unit-test";
		};
		01579FC32780FCAA00DB59CF /* Ginnee AppUITests */ = {
			isa = PBXNativeTarget;
			buildConfigurationList = 01579FD42780FCAA00DB59CF /* Build configuration list for PBXNativeTarget "Ginnee AppUITests" */;
			buildPhases = (
				01579FC02780FCAA00DB59CF /* Sources */,
				01579FC12780FCAA00DB59CF /* Frameworks */,
				01579FC22780FCAA00DB59CF /* Resources */,
			);
			buildRules = (
			);
			dependencies = (
				01579FC62780FCAA00DB59CF /* PBXTargetDependency */,
			);
			name = "Ginnee AppUITests";
			productName = "Ginnee AppUITests";
			productReference = 01579FC42780FCAA00DB59CF /* Ginnee AppUITests.xctest */;
			productType = "com.apple.product-type.bundle.ui-testing";
		};
/* End PBXNativeTarget section */

/* Begin PBXProject section */
		01579F9C2780FCA800DB59CF /* Project object */ = {
			isa = PBXProject;
			attributes = {
				BuildIndependentTargetsInParallel = 1;
				LastSwiftUpdateCheck = 1310;
				LastUpgradeCheck = 1310;
				TargetAttributes = {
					01579FA32780FCA800DB59CF = {
						CreatedOnToolsVersion = 13.1;
					};
					01579FB92780FCAA00DB59CF = {
						CreatedOnToolsVersion = 13.1;
						TestTargetID = 01579FA32780FCA800DB59CF;
					};
					01579FC32780FCAA00DB59CF = {
						CreatedOnToolsVersion = 13.1;
						TestTargetID = 01579FA32780FCA800DB59CF;
					};
				};
			};
			buildConfigurationList = 01579F9F2780FCA800DB59CF /* Build configuration list for PBXProject "Ginnee App" */;
			compatibilityVersion = "Xcode 13.0";
			developmentRegion = en;
			hasScannedForEncodings = 0;
			knownRegions = (
				en,
				Base,
			);
			mainGroup = 01579F9B2780FCA800DB59CF;
			packageReferences = (
				84728A1E27B194DA00EA3D77 /* XCRemoteSwiftPackageReference "GoogleSignIn-iOS" */,
				840DBEAA27B55E6200F95B5A /* XCRemoteSwiftPackageReference "facebook-ios-sdk" */,
			);
			productRefGroup = 01579FA52780FCA800DB59CF /* Products */;
			projectDirPath = "";
			projectRoot = "";
			targets = (
				01579FA32780FCA800DB59CF /* Ginnee App */,
				01579FB92780FCAA00DB59CF /* Ginnee AppTests */,
				01579FC32780FCAA00DB59CF /* Ginnee AppUITests */,
			);
		};
/* End PBXProject section */

/* Begin PBXResourcesBuildPhase section */
		01579FA22780FCA800DB59CF /* Resources */ = {
			isa = PBXResourcesBuildPhase;
			buildActionMask = 2147483647;
			files = (
				01579FB42780FCAA00DB59CF /* LaunchScreen.storyboard in Resources */,
				84A3D8E827ECE816006F6615 /* QnATableViewCell.xib in Resources */,
				01899A1327A986310025FB5F /* GoogleService-Info.plist in Resources */,
				01579FB12780FCAA00DB59CF /* Assets.xcassets in Resources */,
				01579FAF2780FCA800DB59CF /* Main.storyboard in Resources */,
			);
			runOnlyForDeploymentPostprocessing = 0;
		};
		01579FB82780FCAA00DB59CF /* Resources */ = {
			isa = PBXResourcesBuildPhase;
			buildActionMask = 2147483647;
			files = (
			);
			runOnlyForDeploymentPostprocessing = 0;
		};
		01579FC22780FCAA00DB59CF /* Resources */ = {
			isa = PBXResourcesBuildPhase;
			buildActionMask = 2147483647;
			files = (
			);
			runOnlyForDeploymentPostprocessing = 0;
		};
/* End PBXResourcesBuildPhase section */

/* Begin PBXShellScriptBuildPhase section */
		1927960C7F9BDFAE7085F788 /* [CP] Copy Pods Resources */ = {
			isa = PBXShellScriptBuildPhase;
			buildActionMask = 2147483647;
			files = (
			);
			inputFileListPaths = (
				"${PODS_ROOT}/Target Support Files/Pods-Ginnee App/Pods-Ginnee App-resources-${CONFIGURATION}-input-files.xcfilelist",
			);
			name = "[CP] Copy Pods Resources";
			outputFileListPaths = (
				"${PODS_ROOT}/Target Support Files/Pods-Ginnee App/Pods-Ginnee App-resources-${CONFIGURATION}-output-files.xcfilelist",
			);
			runOnlyForDeploymentPostprocessing = 0;
			shellPath = /bin/sh;
			shellScript = "\"${PODS_ROOT}/Target Support Files/Pods-Ginnee App/Pods-Ginnee App-resources.sh\"\n";
			showEnvVarsInLog = 0;
		};
		ECA0FB87505EBB959C619C7E /* [CP] Check Pods Manifest.lock */ = {
			isa = PBXShellScriptBuildPhase;
			buildActionMask = 2147483647;
			files = (
			);
			inputFileListPaths = (
			);
			inputPaths = (
				"${PODS_PODFILE_DIR_PATH}/Podfile.lock",
				"${PODS_ROOT}/Manifest.lock",
			);
			name = "[CP] Check Pods Manifest.lock";
			outputFileListPaths = (
			);
			outputPaths = (
				"$(DERIVED_FILE_DIR)/Pods-Ginnee App-checkManifestLockResult.txt",
			);
			runOnlyForDeploymentPostprocessing = 0;
			shellPath = /bin/sh;
			shellScript = "diff \"${PODS_PODFILE_DIR_PATH}/Podfile.lock\" \"${PODS_ROOT}/Manifest.lock\" > /dev/null\nif [ $? != 0 ] ; then\n    # print error to STDERR\n    echo \"error: The sandbox is not in sync with the Podfile.lock. Run 'pod install' or update your CocoaPods installation.\" >&2\n    exit 1\nfi\n# This output is used by Xcode 'outputs' to avoid re-running this script phase.\necho \"SUCCESS\" > \"${SCRIPT_OUTPUT_FILE_0}\"\n";
			showEnvVarsInLog = 0;
		};
/* End PBXShellScriptBuildPhase section */

/* Begin PBXSourcesBuildPhase section */
		01579FA02780FCA800DB59CF /* Sources */ = {
			isa = PBXSourcesBuildPhase;
			buildActionMask = 2147483647;
			files = (
				84A3D8E727ECE816006F6615 /* QnATableViewCell.swift in Sources */,
				84F4A2BE27DF73A500A1782A /* AppleDetails.swift in Sources */,
				015377C627876CC30035115D /* ApiConnection.swift in Sources */,
				0110493B27975B3B00CFE6D2 /* Constants.swift in Sources */,
				8481A88027EF54F800C0479B /* WiteyourStroyViewController.swift in Sources */,
				01F119522783834F00D0E3D5 /* LoginViewController.swift in Sources */,
				8478722C27EF63D300814A1F /* TagsViewController.swift in Sources */,
				01579FA82780FCA800DB59CF /* AppDelegate.swift in Sources */,
				84BD681B27B83038002C79BE /* BirthdayPickerViewController.swift in Sources */,
				01579FAA2780FCA800DB59CF /* SceneDelegate.swift in Sources */,
				8481A0B927BFF11000370CAB /* AboutMeViewController.swift in Sources */,
				84D6983F27F3888200017B70 /* ImageFliterViewController.swift in Sources */,
				017F3CB5279339E5004BACFE /* OTPViewController.swift in Sources */,
				01563C21278E02C30047DCF3 /* PhoneNumberViewController.swift in Sources */,
				84E5AEF627C7D9F9006431E2 /* LoginData.swift in Sources */,
				015377C827876F800035115D /* NetworkReachability.swift in Sources */,
				013028DE279B50B9004FB080 /* Extentions.swift in Sources */,
				01615E67279F1DF8005658BE /* UploadPreviewViewController.swift in Sources */,
				84D6984127F38D5400017B70 /* ImageCollectionViewCell.swift in Sources */,
				8478722E27EF866D00814A1F /* QuestionsData.swift in Sources */,
				017F3CB727934707004BACFE /* EmailLoginViewController.swift in Sources */,
				011049392797518900CFE6D2 /* EndPointType.swift in Sources */,
				84D21BCC27EF0E0C00A20934 /* QnAViewController.swift in Sources */,
				0166DAC2278B594E0092821E /* UploadImageViewController.swift in Sources */,
			);
			runOnlyForDeploymentPostprocessing = 0;
		};
		01579FB62780FCAA00DB59CF /* Sources */ = {
			isa = PBXSourcesBuildPhase;
			buildActionMask = 2147483647;
			files = (
				01579FBF2780FCAA00DB59CF /* Ginnee_AppTests.swift in Sources */,
			);
			runOnlyForDeploymentPostprocessing = 0;
		};
		01579FC02780FCAA00DB59CF /* Sources */ = {
			isa = PBXSourcesBuildPhase;
			buildActionMask = 2147483647;
			files = (
				01579FCB2780FCAA00DB59CF /* Ginnee_AppUITestsLaunchTests.swift in Sources */,
				01579FC92780FCAA00DB59CF /* Ginnee_AppUITests.swift in Sources */,
			);
			runOnlyForDeploymentPostprocessing = 0;
		};
/* End PBXSourcesBuildPhase section */

/* Begin PBXTargetDependency section */
		01579FBC2780FCAA00DB59CF /* PBXTargetDependency */ = {
			isa = PBXTargetDependency;
			target = 01579FA32780FCA800DB59CF /* Ginnee App */;
			targetProxy = 01579FBB2780FCAA00DB59CF /* PBXContainerItemProxy */;
		};
		01579FC62780FCAA00DB59CF /* PBXTargetDependency */ = {
			isa = PBXTargetDependency;
			target = 01579FA32780FCA800DB59CF /* Ginnee App */;
			targetProxy = 01579FC52780FCAA00DB59CF /* PBXContainerItemProxy */;
		};
/* End PBXTargetDependency section */

/* Begin PBXVariantGroup section */
		01579FAD2780FCA800DB59CF /* Main.storyboard */ = {
			isa = PBXVariantGroup;
			children = (
				01579FAE2780FCA800DB59CF /* Base */,
			);
			name = Main.storyboard;
			sourceTree = "<group>";
		};
		01579FB22780FCAA00DB59CF /* LaunchScreen.storyboard */ = {
			isa = PBXVariantGroup;
			children = (
				01579FB32780FCAA00DB59CF /* Base */,
			);
			name = LaunchScreen.storyboard;
			sourceTree = "<group>";
		};
/* End PBXVariantGroup section */

/* Begin XCBuildConfiguration section */
		01579FCC2780FCAA00DB59CF /* Debug */ = {
			isa = XCBuildConfiguration;
			buildSettings = {
				ALWAYS_SEARCH_USER_PATHS = NO;
				CLANG_ANALYZER_NONNULL = YES;
				CLANG_ANALYZER_NUMBER_OBJECT_CONVERSION = YES_AGGRESSIVE;
				CLANG_CXX_LANGUAGE_STANDARD = "gnu++17";
				CLANG_CXX_LIBRARY = "libc++";
				CLANG_ENABLE_MODULES = YES;
				CLANG_ENABLE_OBJC_ARC = YES;
				CLANG_ENABLE_OBJC_WEAK = YES;
				CLANG_WARN_BLOCK_CAPTURE_AUTORELEASING = YES;
				CLANG_WARN_BOOL_CONVERSION = YES;
				CLANG_WARN_COMMA = YES;
				CLANG_WARN_CONSTANT_CONVERSION = YES;
				CLANG_WARN_DEPRECATED_OBJC_IMPLEMENTATIONS = YES;
				CLANG_WARN_DIRECT_OBJC_ISA_USAGE = YES_ERROR;
				CLANG_WARN_DOCUMENTATION_COMMENTS = YES;
				CLANG_WARN_EMPTY_BODY = YES;
				CLANG_WARN_ENUM_CONVERSION = YES;
				CLANG_WARN_INFINITE_RECURSION = YES;
				CLANG_WARN_INT_CONVERSION = YES;
				CLANG_WARN_NON_LITERAL_NULL_CONVERSION = YES;
				CLANG_WARN_OBJC_IMPLICIT_RETAIN_SELF = YES;
				CLANG_WARN_OBJC_LITERAL_CONVERSION = YES;
				CLANG_WARN_OBJC_ROOT_CLASS = YES_ERROR;
				CLANG_WARN_QUOTED_INCLUDE_IN_FRAMEWORK_HEADER = YES;
				CLANG_WARN_RANGE_LOOP_ANALYSIS = YES;
				CLANG_WARN_STRICT_PROTOTYPES = YES;
				CLANG_WARN_SUSPICIOUS_MOVE = YES;
				CLANG_WARN_UNGUARDED_AVAILABILITY = YES_AGGRESSIVE;
				CLANG_WARN_UNREACHABLE_CODE = YES;
				CLANG_WARN__DUPLICATE_METHOD_MATCH = YES;
				COPY_PHASE_STRIP = NO;
				DEBUG_INFORMATION_FORMAT = dwarf;
				ENABLE_STRICT_OBJC_MSGSEND = YES;
				ENABLE_TESTABILITY = YES;
				FRAMEWORK_SEARCH_PATHS = "";
				GCC_C_LANGUAGE_STANDARD = gnu11;
				GCC_DYNAMIC_NO_PIC = NO;
				GCC_NO_COMMON_BLOCKS = YES;
				GCC_OPTIMIZATION_LEVEL = 0;
				GCC_PREPROCESSOR_DEFINITIONS = (
					"DEBUG=1",
					"$(inherited)",
				);
				GCC_WARN_64_TO_32_BIT_CONVERSION = YES;
				GCC_WARN_ABOUT_RETURN_TYPE = YES_ERROR;
				GCC_WARN_UNDECLARED_SELECTOR = YES;
				GCC_WARN_UNINITIALIZED_AUTOS = YES_AGGRESSIVE;
				GCC_WARN_UNUSED_FUNCTION = YES;
				GCC_WARN_UNUSED_VARIABLE = YES;
				IPHONEOS_DEPLOYMENT_TARGET = 13.0;
				MTL_ENABLE_DEBUG_INFO = INCLUDE_SOURCE;
				MTL_FAST_MATH = YES;
				ONLY_ACTIVE_ARCH = YES;
				SDKROOT = iphoneos;
				SWIFT_ACTIVE_COMPILATION_CONDITIONS = DEBUG;
				SWIFT_OPTIMIZATION_LEVEL = "-Onone";
			};
			name = Debug;
		};
		01579FCD2780FCAA00DB59CF /* Release */ = {
			isa = XCBuildConfiguration;
			buildSettings = {
				ALWAYS_SEARCH_USER_PATHS = NO;
				CLANG_ANALYZER_NONNULL = YES;
				CLANG_ANALYZER_NUMBER_OBJECT_CONVERSION = YES_AGGRESSIVE;
				CLANG_CXX_LANGUAGE_STANDARD = "gnu++17";
				CLANG_CXX_LIBRARY = "libc++";
				CLANG_ENABLE_MODULES = YES;
				CLANG_ENABLE_OBJC_ARC = YES;
				CLANG_ENABLE_OBJC_WEAK = YES;
				CLANG_WARN_BLOCK_CAPTURE_AUTORELEASING = YES;
				CLANG_WARN_BOOL_CONVERSION = YES;
				CLANG_WARN_COMMA = YES;
				CLANG_WARN_CONSTANT_CONVERSION = YES;
				CLANG_WARN_DEPRECATED_OBJC_IMPLEMENTATIONS = YES;
				CLANG_WARN_DIRECT_OBJC_ISA_USAGE = YES_ERROR;
				CLANG_WARN_DOCUMENTATION_COMMENTS = YES;
				CLANG_WARN_EMPTY_BODY = YES;
				CLANG_WARN_ENUM_CONVERSION = YES;
				CLANG_WARN_INFINITE_RECURSION = YES;
				CLANG_WARN_INT_CONVERSION = YES;
				CLANG_WARN_NON_LITERAL_NULL_CONVERSION = YES;
				CLANG_WARN_OBJC_IMPLICIT_RETAIN_SELF = YES;
				CLANG_WARN_OBJC_LITERAL_CONVERSION = YES;
				CLANG_WARN_OBJC_ROOT_CLASS = YES_ERROR;
				CLANG_WARN_QUOTED_INCLUDE_IN_FRAMEWORK_HEADER = YES;
				CLANG_WARN_RANGE_LOOP_ANALYSIS = YES;
				CLANG_WARN_STRICT_PROTOTYPES = YES;
				CLANG_WARN_SUSPICIOUS_MOVE = YES;
				CLANG_WARN_UNGUARDED_AVAILABILITY = YES_AGGRESSIVE;
				CLANG_WARN_UNREACHABLE_CODE = YES;
				CLANG_WARN__DUPLICATE_METHOD_MATCH = YES;
				COPY_PHASE_STRIP = NO;
				DEBUG_INFORMATION_FORMAT = "dwarf-with-dsym";
				ENABLE_NS_ASSERTIONS = NO;
				ENABLE_STRICT_OBJC_MSGSEND = YES;
				FRAMEWORK_SEARCH_PATHS = "";
				GCC_C_LANGUAGE_STANDARD = gnu11;
				GCC_NO_COMMON_BLOCKS = YES;
				GCC_WARN_64_TO_32_BIT_CONVERSION = YES;
				GCC_WARN_ABOUT_RETURN_TYPE = YES_ERROR;
				GCC_WARN_UNDECLARED_SELECTOR = YES;
				GCC_WARN_UNINITIALIZED_AUTOS = YES_AGGRESSIVE;
				GCC_WARN_UNUSED_FUNCTION = YES;
				GCC_WARN_UNUSED_VARIABLE = YES;
				IPHONEOS_DEPLOYMENT_TARGET = 13.0;
				MTL_ENABLE_DEBUG_INFO = NO;
				MTL_FAST_MATH = YES;
				SDKROOT = iphoneos;
				SWIFT_COMPILATION_MODE = wholemodule;
				SWIFT_OPTIMIZATION_LEVEL = "-O";
				VALIDATE_PRODUCT = YES;
			};
			name = Release;
		};
		01579FCF2780FCAA00DB59CF /* Debug */ = {
			isa = XCBuildConfiguration;
			baseConfigurationReference = C1957E846A0300234C372A7D /* Pods-Ginnee App.debug.xcconfig */;
			buildSettings = {
				ASSETCATALOG_COMPILER_APPICON_NAME = AppIcon;
				ASSETCATALOG_COMPILER_GLOBAL_ACCENT_COLOR_NAME = AccentColor;
				CODE_SIGN_ENTITLEMENTS = "Ginnee App/Ginnee App.entitlements";
				CODE_SIGN_STYLE = Automatic;
				CURRENT_PROJECT_VERSION = 1;
				DEVELOPMENT_TEAM = KA67Y6W93X;
				FRAMEWORK_SEARCH_PATHS = "";
				GENERATE_INFOPLIST_FILE = YES;
				INFOPLIST_FILE = "Ginnee App/Info.plist";
				INFOPLIST_KEY_NSCameraUsageDescription = "We need this to capure your profile photo.";
				INFOPLIST_KEY_NSPhotoLibraryUsageDescription = "We need this to get your profile photo.";
				INFOPLIST_KEY_UIApplicationSupportsIndirectInputEvents = YES;
				INFOPLIST_KEY_UILaunchStoryboardName = LaunchScreen;
				INFOPLIST_KEY_UIMainStoryboardFile = Main;
				INFOPLIST_KEY_UISupportedInterfaceOrientations = "";
				INFOPLIST_KEY_UISupportedInterfaceOrientations_iPad = "UIInterfaceOrientationPortrait UIInterfaceOrientationPortraitUpsideDown UIInterfaceOrientationLandscapeLeft UIInterfaceOrientationLandscapeRight";
				INFOPLIST_KEY_UISupportedInterfaceOrientations_iPhone = "UIInterfaceOrientationPortrait UIInterfaceOrientationLandscapeLeft UIInterfaceOrientationLandscapeRight";
				IPHONEOS_DEPLOYMENT_TARGET = 13.1;
				LD_RUNPATH_SEARCH_PATHS = (
					"$(inherited)",
					"@executable_path/Frameworks",
				);
				MARKETING_VERSION = 1.0;
				PRODUCT_BUNDLE_IDENTIFIER = com.genieverse.app;
				PRODUCT_NAME = "$(TARGET_NAME)";
				SWIFT_EMIT_LOC_STRINGS = YES;
				SWIFT_VERSION = 5.0;
				TARGETED_DEVICE_FAMILY = "1,2";
			};
			name = Debug;
		};
		01579FD02780FCAA00DB59CF /* Release */ = {
			isa = XCBuildConfiguration;
			baseConfigurationReference = 5AEBAC5D1D15E0C889450743 /* Pods-Ginnee App.release.xcconfig */;
			buildSettings = {
				ASSETCATALOG_COMPILER_APPICON_NAME = AppIcon;
				ASSETCATALOG_COMPILER_GLOBAL_ACCENT_COLOR_NAME = AccentColor;
				CODE_SIGN_ENTITLEMENTS = "Ginnee App/Ginnee App.entitlements";
				CODE_SIGN_STYLE = Automatic;
				CURRENT_PROJECT_VERSION = 1;
				DEVELOPMENT_TEAM = KA67Y6W93X;
				FRAMEWORK_SEARCH_PATHS = "";
				GENERATE_INFOPLIST_FILE = YES;
				INFOPLIST_FILE = "Ginnee App/Info.plist";
				INFOPLIST_KEY_NSCameraUsageDescription = "We need this to capure your profile photo.";
				INFOPLIST_KEY_NSPhotoLibraryUsageDescription = "We need this to get your profile photo.";
				INFOPLIST_KEY_UIApplicationSupportsIndirectInputEvents = YES;
				INFOPLIST_KEY_UILaunchStoryboardName = LaunchScreen;
				INFOPLIST_KEY_UIMainStoryboardFile = Main;
				INFOPLIST_KEY_UISupportedInterfaceOrientations = "";
				INFOPLIST_KEY_UISupportedInterfaceOrientations_iPad = "UIInterfaceOrientationPortrait UIInterfaceOrientationPortraitUpsideDown UIInterfaceOrientationLandscapeLeft UIInterfaceOrientationLandscapeRight";
				INFOPLIST_KEY_UISupportedInterfaceOrientations_iPhone = "UIInterfaceOrientationPortrait UIInterfaceOrientationLandscapeLeft UIInterfaceOrientationLandscapeRight";
				IPHONEOS_DEPLOYMENT_TARGET = 13.1;
				LD_RUNPATH_SEARCH_PATHS = (
					"$(inherited)",
					"@executable_path/Frameworks",
				);
				MARKETING_VERSION = 1.0;
				PRODUCT_BUNDLE_IDENTIFIER = com.genieverse.app;
				PRODUCT_NAME = "$(TARGET_NAME)";
				SWIFT_EMIT_LOC_STRINGS = YES;
				SWIFT_VERSION = 5.0;
				TARGETED_DEVICE_FAMILY = "1,2";
			};
			name = Release;
		};
		01579FD22780FCAA00DB59CF /* Debug */ = {
			isa = XCBuildConfiguration;
			buildSettings = {
				ALWAYS_EMBED_SWIFT_STANDARD_LIBRARIES = YES;
				BUNDLE_LOADER = "$(TEST_HOST)";
				CODE_SIGN_STYLE = Automatic;
				CURRENT_PROJECT_VERSION = 1;
				DEVELOPMENT_TEAM = KA67Y6W93X;
				GENERATE_INFOPLIST_FILE = YES;
				IPHONEOS_DEPLOYMENT_TARGET = 15.0;
				LD_RUNPATH_SEARCH_PATHS = (
					"$(inherited)",
					"@executable_path/Frameworks",
					"@loader_path/Frameworks",
				);
				MARKETING_VERSION = 1.0;
				PRODUCT_BUNDLE_IDENTIFIER = "com.ginnee.app.Ginnee-AppTests";
				PRODUCT_NAME = "$(TARGET_NAME)";
				SWIFT_EMIT_LOC_STRINGS = NO;
				SWIFT_VERSION = 5.0;
				TARGETED_DEVICE_FAMILY = "1,2";
				TEST_HOST = "$(BUILT_PRODUCTS_DIR)/Ginnee App.app/Ginnee App";
			};
			name = Debug;
		};
		01579FD32780FCAA00DB59CF /* Release */ = {
			isa = XCBuildConfiguration;
			buildSettings = {
				ALWAYS_EMBED_SWIFT_STANDARD_LIBRARIES = YES;
				BUNDLE_LOADER = "$(TEST_HOST)";
				CODE_SIGN_STYLE = Automatic;
				CURRENT_PROJECT_VERSION = 1;
				DEVELOPMENT_TEAM = KA67Y6W93X;
				GENERATE_INFOPLIST_FILE = YES;
				IPHONEOS_DEPLOYMENT_TARGET = 15.0;
				LD_RUNPATH_SEARCH_PATHS = (
					"$(inherited)",
					"@executable_path/Frameworks",
					"@loader_path/Frameworks",
				);
				MARKETING_VERSION = 1.0;
				PRODUCT_BUNDLE_IDENTIFIER = "com.ginnee.app.Ginnee-AppTests";
				PRODUCT_NAME = "$(TARGET_NAME)";
				SWIFT_EMIT_LOC_STRINGS = NO;
				SWIFT_VERSION = 5.0;
				TARGETED_DEVICE_FAMILY = "1,2";
				TEST_HOST = "$(BUILT_PRODUCTS_DIR)/Ginnee App.app/Ginnee App";
			};
			name = Release;
		};
		01579FD52780FCAA00DB59CF /* Debug */ = {
			isa = XCBuildConfiguration;
			buildSettings = {
				ALWAYS_EMBED_SWIFT_STANDARD_LIBRARIES = YES;
				CODE_SIGN_STYLE = Automatic;
				CURRENT_PROJECT_VERSION = 1;
				DEVELOPMENT_TEAM = KA67Y6W93X;
				GENERATE_INFOPLIST_FILE = YES;
				LD_RUNPATH_SEARCH_PATHS = (
					"$(inherited)",
					"@executable_path/Frameworks",
					"@loader_path/Frameworks",
				);
				MARKETING_VERSION = 1.0;
				PRODUCT_BUNDLE_IDENTIFIER = "com.ginnee.app.Ginnee-AppUITests";
				PRODUCT_NAME = "$(TARGET_NAME)";
				SWIFT_EMIT_LOC_STRINGS = NO;
				SWIFT_VERSION = 5.0;
				TARGETED_DEVICE_FAMILY = "1,2";
				TEST_TARGET_NAME = "Ginnee App";
			};
			name = Debug;
		};
		01579FD62780FCAA00DB59CF /* Release */ = {
			isa = XCBuildConfiguration;
			buildSettings = {
				ALWAYS_EMBED_SWIFT_STANDARD_LIBRARIES = YES;
				CODE_SIGN_STYLE = Automatic;
				CURRENT_PROJECT_VERSION = 1;
				DEVELOPMENT_TEAM = KA67Y6W93X;
				GENERATE_INFOPLIST_FILE = YES;
				LD_RUNPATH_SEARCH_PATHS = (
					"$(inherited)",
					"@executable_path/Frameworks",
					"@loader_path/Frameworks",
				);
				MARKETING_VERSION = 1.0;
				PRODUCT_BUNDLE_IDENTIFIER = "com.ginnee.app.Ginnee-AppUITests";
				PRODUCT_NAME = "$(TARGET_NAME)";
				SWIFT_EMIT_LOC_STRINGS = NO;
				SWIFT_VERSION = 5.0;
				TARGETED_DEVICE_FAMILY = "1,2";
				TEST_TARGET_NAME = "Ginnee App";
			};
			name = Release;
		};
/* End XCBuildConfiguration section */

/* Begin XCConfigurationList section */
		01579F9F2780FCA800DB59CF /* Build configuration list for PBXProject "Ginnee App" */ = {
			isa = XCConfigurationList;
			buildConfigurations = (
				01579FCC2780FCAA00DB59CF /* Debug */,
				01579FCD2780FCAA00DB59CF /* Release */,
			);
			defaultConfigurationIsVisible = 0;
			defaultConfigurationName = Release;
		};
		01579FCE2780FCAA00DB59CF /* Build configuration list for PBXNativeTarget "Ginnee App" */ = {
			isa = XCConfigurationList;
			buildConfigurations = (
				01579FCF2780FCAA00DB59CF /* Debug */,
				01579FD02780FCAA00DB59CF /* Release */,
			);
			defaultConfigurationIsVisible = 0;
			defaultConfigurationName = Release;
		};
		01579FD12780FCAA00DB59CF /* Build configuration list for PBXNativeTarget "Ginnee AppTests" */ = {
			isa = XCConfigurationList;
			buildConfigurations = (
				01579FD22780FCAA00DB59CF /* Debug */,
				01579FD32780FCAA00DB59CF /* Release */,
			);
			defaultConfigurationIsVisible = 0;
			defaultConfigurationName = Release;
		};
		01579FD42780FCAA00DB59CF /* Build configuration list for PBXNativeTarget "Ginnee AppUITests" */ = {
			isa = XCConfigurationList;
			buildConfigurations = (
				01579FD52780FCAA00DB59CF /* Debug */,
				01579FD62780FCAA00DB59CF /* Release */,
			);
			defaultConfigurationIsVisible = 0;
			defaultConfigurationName = Release;
		};
/* End XCConfigurationList section */

/* Begin XCRemoteSwiftPackageReference section */
		840DBEAA27B55E6200F95B5A /* XCRemoteSwiftPackageReference "facebook-ios-sdk" */ = {
			isa = XCRemoteSwiftPackageReference;
			repositoryURL = "https://github.com/facebook/facebook-ios-sdk";
			requirement = {
				branch = main;
				kind = branch;
			};
		};
		84728A1E27B194DA00EA3D77 /* XCRemoteSwiftPackageReference "GoogleSignIn-iOS" */ = {
			isa = XCRemoteSwiftPackageReference;
			repositoryURL = "https://github.com/google/GoogleSignIn-iOS";
			requirement = {
				kind = upToNextMajorVersion;
				minimumVersion = 6.0.0;
			};
		};
/* End XCRemoteSwiftPackageReference section */

/* Begin XCSwiftPackageProductDependency section */
		840DBEAB27B55E6200F95B5A /* FacebookCore */ = {
			isa = XCSwiftPackageProductDependency;
			package = 840DBEAA27B55E6200F95B5A /* XCRemoteSwiftPackageReference "facebook-ios-sdk" */;
			productName = FacebookCore;
		};
		840DBEAD27B55E6200F95B5A /* FacebookLogin */ = {
			isa = XCSwiftPackageProductDependency;
			package = 840DBEAA27B55E6200F95B5A /* XCRemoteSwiftPackageReference "facebook-ios-sdk" */;
			productName = FacebookLogin;
		};
		840DBEAF27B55E6200F95B5A /* FacebookShare */ = {
			isa = XCSwiftPackageProductDependency;
			package = 840DBEAA27B55E6200F95B5A /* XCRemoteSwiftPackageReference "facebook-ios-sdk" */;
			productName = FacebookShare;
		};
		84728A1F27B194DA00EA3D77 /* GoogleSignIn */ = {
			isa = XCSwiftPackageProductDependency;
			package = 84728A1E27B194DA00EA3D77 /* XCRemoteSwiftPackageReference "GoogleSignIn-iOS" */;
			productName = GoogleSignIn;
		};
/* End XCSwiftPackageProductDependency section */
	};
	rootObject = 01579F9C2780FCA800DB59CF /* Project object */;
}
